
Microsoft Visual Studio Solution File, Format Version 12.00
# Visual Studio Version 17
VisualStudioVersion = 17.14.36310.24 d17.14
MinimumVisualStudioVersion = 10.0.40219.1
Project("{FAE04EC0-301F-11D3-BF4B-00C04F79EFBC}") = "ProjetoEntrega", "ProjetoEntrega\ProjetoEntrega.csproj", "{B5A984CD-F871-40E6-ABDF-2804EBD04783}"
EndProject
Global
	GlobalSection(SolutionConfigurationPlatforms) = preSolution
		Debug|Any CPU = Debug|Any CPU
		Release|Any CPU = Release|Any CPU
	EndGlobalSection
	GlobalSection(ProjectConfigurationPlatforms) = postSolution
		{B5A984CD-F871-40E6-ABDF-2804EBD04783}.Debug|Any CPU.ActiveCfg = Debug|Any CPU
		{B5A984CD-F871-40E6-ABDF-2804EBD04783}.Debug|Any CPU.Build.0 = Debug|Any CPU
		{B5A984CD-F871-40E6-ABDF-2804EBD04783}.Release|Any CPU.ActiveCfg = Release|Any CPU
		{B5A984CD-F871-40E6-ABDF-2804EBD04783}.Release|Any CPU.Build.0 = Release|Any CPU
	EndGlobalSection
	GlobalSection(SolutionProperties) = preSolution
		HideSolutionNode = FALSE
	EndGlobalSection
	GlobalSection(ExtensibilityGlobals) = postSolution
		SolutionGuid = {807A5DBF-FE9E-452E-A6A3-94FD66A771DE}
	EndGlobalSection
EndGlobal
